# THIS IS AN AUTOGENERATED FILE. DO NOT EDIT THIS FILE DIRECTLY.
# yarn lockfile v1


"@types/estree@0.0.39":
  version "0.0.39"
  resolved "https://registry.yarnpkg.com/@types/estree/-/estree-0.0.39.tgz#e177e699ee1b8c22d23174caaa7422644389509f"
  integrity sha512-EYNwp3bU+98cpU4lAWYYL7Zz+2gryWH1qbdDTidVd6hkiR6weksdbMadyXKXNPEkQFhXM+hVO9ZygomHXp+AIw==

"@types/node@*", "@types/node@^10.12.3":
  version "10.12.3"
  resolved "https://registry.yarnpkg.com/@types/node/-/node-10.12.3.tgz#3918b73ceed484e58367be5acb79d1775239e393"
  integrity sha512-sfGmOtSMSbQ/AKG8V9xD1gmjquC9awIIZ/Kj309pHb2n3bcRAcGMQv5nJ6gCXZVsneGE4+ve8DXKRCsrg3TFzg==

"@types/prop-types@*":
  version "15.5.6"
  resolved "https://registry.yarnpkg.com/@types/prop-types/-/prop-types-15.5.6.tgz#9c03d3fed70a8d517c191b7734da2879b50ca26c"
  integrity sha512-ZBFR7TROLVzCkswA3Fmqq+IIJt62/T7aY/Dmz+QkU7CaW2QFqAitCE8Ups7IzmGhcN1YWMBT4Qcoc07jU9hOJQ==

"@types/react@^16.4.18":
  version "16.4.18"
  resolved "https://registry.yarnpkg.com/@types/react/-/react-16.4.18.tgz#2e28a2e7f92d3fa7d6a65f2b73275c3e3138a13d"
  integrity sha512-eFzJKEg6pdeaukVLVZ8Xb79CTl/ysX+ExmOfAAqcFlCCK5TgFDD9kWR0S18sglQ3EmM8U+80enjUqbfnUyqpdA==
  dependencies:
    "@types/prop-types" "*"
    csstype "^2.2.0"

arrify@^1.0.0:
  version "1.0.1"
  resolved "https://registry.yarnpkg.com/arrify/-/arrify-1.0.1.tgz#898508da2226f380df904728456849c1501a4b0d"
  integrity sha1-iYUI2iIm84DfkEcoRWhJwVAaSw0=

asap@~2.0.3:
  version "2.0.6"
  resolved "https://registry.yarnpkg.com/asap/-/asap-2.0.6.tgz#e50347611d7e690943208bbdafebcbc2fb866d46"
  integrity sha1-5QNHYR1+aQlDIIu9r+vLwvuGbUY=

buffer-from@^1.0.0, buffer-from@^1.1.0:
  version "1.1.1"
  resolved "https://registry.yarnpkg.com/buffer-from/-/buffer-from-1.1.1.tgz#32713bc028f75c02fdb710d7c7bcec1f2c6070ef"
  integrity sha512-MQcXEUbCKtEo7bhqEs6560Hyd4XaovZlO/k9V3hjVUF/zwW7KBVdSK4gIt/bzwS9MbR5qob+F5jusZsb0YQK2A==

compare-versions@^3.4.0:
  version "3.4.0"
  resolved "https://registry.yarnpkg.com/compare-versions/-/compare-versions-3.4.0.tgz#e0747df5c9cb7f054d6d3dc3e1dbc444f9e92b26"
  integrity sha512-tK69D7oNXXqUW3ZNo/z7NXTEz22TCF0pTE+YF9cxvaAM9XnkLo1fV621xCLrRR6aevJlKxExkss0vWqUCUpqdg==

core-js@^1.0.0:
  version "1.2.7"
  resolved "https://registry.yarnpkg.com/core-js/-/core-js-1.2.7.tgz#652294c14651db28fa93bd2d5ff2983a4f08c636"
  integrity sha1-ZSKUwUZR2yj6k70tX/KYOk8IxjY=

create-react-class@^15.6.0:
  version "15.6.3"
  resolved "https://registry.yarnpkg.com/create-react-class/-/create-react-class-15.6.3.tgz#2d73237fb3f970ae6ebe011a9e66f46dbca80036"
  integrity sha512-M+/3Q6E6DLO6Yx3OwrWjwHBnvfXXYA7W+dFjt/ZDBemHO1DDZhsalX/NUtnTYclN6GfnBDRh4qRHjcDHmlJBJg==
  dependencies:
    fbjs "^0.8.9"
    loose-envify "^1.3.1"
    object-assign "^4.1.1"

csstype@^2.2.0:
  version "2.5.7"
  resolved "https://registry.yarnpkg.com/csstype/-/csstype-2.5.7.tgz#bf9235d5872141eccfb2d16d82993c6b149179ff"
  integrity sha512-Nt5VDyOTIIV4/nRFswoCKps1R5CD1hkiyjBE9/thNaNZILLEviVw9yWQw15+O+CpNjQKB/uvdcxFFOrSflY3Yw==

diff@^3.1.0:
  version "3.5.0"
  resolved "https://registry.yarnpkg.com/diff/-/diff-3.5.0.tgz#800c0dd1e0a8bfbc95835c202ad220fe317e5a12"
  integrity sha512-A46qtFgd+g7pDZinpnwiRJtxbC1hpgf0uzP3iG89scHk0AUC7A1TGxf5OiiOUv/JMZR8GOt8hL900hV0bOy5xA==

encoding@^0.1.11:
  version "0.1.12"
  resolved "https://registry.yarnpkg.com/encoding/-/encoding-0.1.12.tgz#538b66f3ee62cd1ab51ec323829d1f9480c74beb"
  integrity sha1-U4tm8+5izRq1HsMjgp0flIDHS+s=
  dependencies:
    iconv-lite "~0.4.13"

fbjs@^0.8.9:
  version "0.8.17"
  resolved "https://registry.yarnpkg.com/fbjs/-/fbjs-0.8.17.tgz#c4d598ead6949112653d6588b01a5cdcd9f90fdd"
  integrity sha1-xNWY6taUkRJlPWWIsBpc3Nn5D90=
  dependencies:
    core-js "^1.0.0"
    isomorphic-fetch "^2.1.1"
    loose-envify "^1.0.0"
    object-assign "^4.1.0"
    promise "^7.1.1"
    setimmediate "^1.0.5"
    ua-parser-js "^0.7.18"

iconv-lite@~0.4.13:
  version "0.4.24"
  resolved "https://registry.yarnpkg.com/iconv-lite/-/iconv-lite-0.4.24.tgz#2022b4b25fbddc21d2f524974a474aafe733908b"
  integrity sha512-v3MXnZAcvnywkTUEZomIActle7RXXeedOR31wwl7VlyoXO4Qi9arvSenNQWne1TcRwhCL1HwLI21bEqdpj8/rA==
  dependencies:
    safer-buffer ">= 2.1.2 < 3"

is-stream@^1.0.1:
  version "1.1.0"
  resolved "https://registry.yarnpkg.com/is-stream/-/is-stream-1.1.0.tgz#12d4a3dd4e68e0b79ceb8dbc84173ae80d91ca44"
  integrity sha1-EtSj3U5o4Lec6428hBc66A2RykQ=

isomorphic-fetch@^2.1.1:
  version "2.2.1"
  resolved "https://registry.yarnpkg.com/isomorphic-fetch/-/isomorphic-fetch-2.2.1.tgz#611ae1acf14f5e81f729507472819fe9733558a9"
  integrity sha1-YRrhrPFPXoH3KVB0coGf6XM1WKk=
  dependencies:
    node-fetch "^1.0.1"
    whatwg-fetch ">=0.10.0"

"js-tokens@^3.0.0 || ^4.0.0":
  version "4.0.0"
  resolved "https://registry.yarnpkg.com/js-tokens/-/js-tokens-4.0.0.tgz#19203fb59991df98e3a287050d4647cdeaf32499"
  integrity sha512-RdJUflcE3cUzKiMqQgsCu06FPu9UdIJO0beYbPhHN4k6apgJtifcoCtT9bcxOpYBtpD2kCM6Sbzg4CausW/PKQ==

loose-envify@^1.0.0, loose-envify@^1.1.0, loose-envify@^1.3.1:
  version "1.4.0"
  resolved "https://registry.yarnpkg.com/loose-envify/-/loose-envify-1.4.0.tgz#71ee51fa7be4caec1a63839f7e682d8132d30caf"
  integrity sha512-lyuxPGr/Wfhrlem2CL/UcnUc1zcqKAImBDzukY7Y5F/yQiNdko6+fRLevlw1HgMySw7f611UIY408EtxRSoK3Q==
  dependencies:
    js-tokens "^3.0.0 || ^4.0.0"

make-error@^1.1.1:
  version "1.3.5"
  resolved "https://registry.yarnpkg.com/make-error/-/make-error-1.3.5.tgz#efe4e81f6db28cadd605c70f29c831b58ef776c8"
  integrity sha512-c3sIjNUow0+8swNwVpqoH4YCShKNFkMaw6oH1mNS2haDZQqkeZFlHS3dhoeEbKKmJB4vXpJucU6oH75aDYeE9g==

minimist@0.0.8:
  version "0.0.8"
  resolved "https://registry.yarnpkg.com/minimist/-/minimist-0.0.8.tgz#857fcabfc3397d2625b8228262e86aa7a011b05d"
  integrity sha1-hX/Kv8M5fSYluCKCYuhqp6ARsF0=

minimist@^1.2.0:
  version "1.2.0"
  resolved "https://registry.yarnpkg.com/minimist/-/minimist-1.2.0.tgz#a35008b20f41383eec1fb914f4cd5df79a264284"
  integrity sha1-o1AIsg9BOD7sH7kU9M1d95omQoQ=

mkdirp@^0.5.1:
  version "0.5.1"
  resolved "https://registry.yarnpkg.com/mkdirp/-/mkdirp-0.5.1.tgz#30057438eac6cf7f8c4767f38648d6697d75c903"
  integrity sha1-MAV0OOrGz3+MR2fzhkjWaX11yQM=
  dependencies:
    minimist "0.0.8"

node-fetch@^1.0.1:
  version "1.7.3"
  resolved "https://registry.yarnpkg.com/node-fetch/-/node-fetch-1.7.3.tgz#980f6f72d85211a5347c6b2bc18c5b84c3eb47ef"
  integrity sha512-NhZ4CsKx7cYm2vSrBAr2PvFOe6sWDf0UYLRqA6svUYg7+/TSfVAu49jYC4BvQ4Sms9SZgdqGBgroqfDhJdTyKQ==
  dependencies:
    encoding "^0.1.11"
    is-stream "^1.0.1"

object-assign@^4.1.0, object-assign@^4.1.1:
  version "4.1.1"
  resolved "https://registry.yarnpkg.com/object-assign/-/object-assign-4.1.1.tgz#2109adc7965887cfc05cbbd442cac8bfbb360863"
  integrity sha1-IQmtx5ZYh8/AXLvUQsrIv7s2CGM=

promise@^7.1.1:
  version "7.3.1"
  resolved "https://registry.yarnpkg.com/promise/-/promise-7.3.1.tgz#064b72602b18f90f29192b8b1bc418ffd1ebd3bf"
  integrity sha512-nolQXZ/4L+bP/UGlkfaIujX9BKxGwmQ9OT4mOt5yvy8iK1h3wqTEJCijzGANTCCl9nWjY41juyAn2K3Q1hLLTg==
  dependencies:
    asap "~2.0.3"

prop-types@^15.5.10, prop-types@^15.6.2:
  version "15.6.2"
  resolved "https://registry.yarnpkg.com/prop-types/-/prop-types-15.6.2.tgz#05d5ca77b4453e985d60fc7ff8c859094a497102"
  integrity sha512-3pboPvLiWD7dkI3qf3KbUe6hKFKa52w+AE0VCqECtf+QHAKgOL37tTaNCnuX1nAAQ4ZhyP+kYVKf8rLmJ/feDQ==
  dependencies:
    loose-envify "^1.3.1"
    object-assign "^4.1.1"

react-is@^16.6.1:
  version "16.6.1"
  resolved "https://registry.yarnpkg.com/react-is/-/react-is-16.6.1.tgz#f77b1c3d901be300abe8d58645b7a59e794e5982"
  integrity sha512-wOKsGtvTMYs7WAscmwwdM8sfRRvE17Ym30zFj3n37Qx5tHRfhenPKEPILHaHob6WoLFADmQm1ZNrE5xMCM6sCw==

react-test-renderer@15:
  version "15.6.2"
  resolved "https://registry.yarnpkg.com/react-test-renderer/-/react-test-renderer-15.6.2.tgz#d0333434fc2c438092696ca770da5ed48037efa8"
  integrity sha1-0DM0NPwsQ4CSaWyncNpe1IA376g=
  dependencies:
    fbjs "^0.8.9"
    object-assign "^4.1.0"

react-test-renderer@16:
  version "16.6.1"
  resolved "https://registry.yarnpkg.com/react-test-renderer/-/react-test-renderer-16.6.1.tgz#8ea357652be3cf81cbd6b2f686e74ebe67c17b78"
  integrity sha512-sgZwJZYIgQptRi2qk5+gB8FBQGk4gLSs0gmKZPMfhd3dLkdxIUwVLHteLN3Bnj4LokIZd3U+V2NEJUqeV2PT2w==
  dependencies:
    object-assign "^4.1.1"
    prop-types "^15.6.2"
    react-is "^16.6.1"
    scheduler "^0.11.0"

react@15:
  version "15.6.2"
  resolved "https://registry.yarnpkg.com/react/-/react-15.6.2.tgz#dba0434ab439cfe82f108f0f511663908179aa72"
  integrity sha1-26BDSrQ5z+gvEI8PURZjkIF5qnI=
  dependencies:
    create-react-class "^15.6.0"
    fbjs "^0.8.9"
    loose-envify "^1.1.0"
    object-assign "^4.1.0"
    prop-types "^15.5.10"

react@16:
  version "16.6.1"
  resolved "https://registry.yarnpkg.com/react/-/react-16.6.1.tgz#ee2aef4f0a09e494594882029821049772f915fe"
  integrity sha512-OtawJThYlvRgm9BXK+xTL7BIlDx8vv21j+fbQDjRRUyok6y7NyjlweGorielTahLZHYIdKUoK2Dp9ByVWuMqxw==
  dependencies:
    loose-envify "^1.1.0"
    object-assign "^4.1.1"
    prop-types "^15.6.2"
    scheduler "^0.11.0"

rollup@^0.65.0:
  version "0.65.2"
  resolved "https://registry.yarnpkg.com/rollup/-/rollup-0.65.2.tgz#e1532e3c1a2e102c89d99289a184fcbbc7cd4b4a"
  integrity sha512-BbXOrpxVbx0MpElI6vVLR2B6vnWHvYU/QAMw3GcEXvs601bvgrozuaW30cnvt43B96a6DeoYA0i9T5THanN+Rw==
  dependencies:
    "@types/estree" "0.0.39"
    "@types/node" "*"

"safer-buffer@>= 2.1.2 < 3":
  version "2.1.2"
  resolved "https://registry.yarnpkg.com/safer-buffer/-/safer-buffer-2.1.2.tgz#44fa161b0187b9549dd84bb91802f9bd8385cd6a"
  integrity sha512-YZo3K82SD7Riyi0E1EQPojLz7kpepnSQI9IyPbHHg1XXXevb5dJI7tpyN2ADxGcQbHG7vcyRHk0cbwqcQriUtg==

scheduler@^0.11.0:
  version "0.11.0"
  resolved "https://registry.yarnpkg.com/scheduler/-/scheduler-0.11.0.tgz#def1f1bfa6550cc57981a87106e65e8aea41a6b5"
  integrity sha512-MAYbBfmiEHxF0W+c4CxMpEqMYK+rYF584VP/qMKSiHM6lTkBKKYOJaDiSILpJHla6hBOsVd6GucPL46o2Uq3sg==
  dependencies:
    loose-envify "^1.1.0"
    object-assign "^4.1.1"

setimmediate@^1.0.5:
  version "1.0.5"
  resolved "https://registry.yarnpkg.com/setimmediate/-/setimmediate-1.0.5.tgz#290cbb232e306942d7d7ea9b83732ab7856f8285"
  integrity sha1-KQy7Iy4waULX1+qbg3Mqt4VvgoU=

source-map-support@^0.5.6:
  version "0.5.9"
  resolved "https://registry.yarnpkg.com/source-map-support/-/source-map-support-0.5.9.tgz#41bc953b2534267ea2d605bccfa7bfa3111ced5f"
  integrity sha512-gR6Rw4MvUlYy83vP0vxoVNzM6t8MUXqNuRsuBmBHQDu1Fh6X015FrLdgoDKcNdkwGubozq0P4N0Q37UyFVr1EA==
  dependencies:
    buffer-from "^1.0.0"
    source-map "^0.6.0"

source-map@^0.6.0:
  version "0.6.1"
  resolved "https://registry.yarnpkg.com/source-map/-/source-map-0.6.1.tgz#74722af32e9614e9c287a8d0bbde48b5e2f1a263"
  integrity sha512-UjgapumWlbMhkBgzT7Ykc5YXUT46F0iKu8SGXq0bcwP5dz/h0Plj6enJqjz1Zbq2l5WaqYnrVbwWOWMyF3F47g==

ts-node@^7.0.1:
  version "7.0.1"
  resolved "https://registry.yarnpkg.com/ts-node/-/ts-node-7.0.1.tgz#9562dc2d1e6d248d24bc55f773e3f614337d9baf"
  integrity sha512-BVwVbPJRspzNh2yfslyT1PSbl5uIk03EZlb493RKHN4qej/D06n1cEhjlOJG69oFsE7OT8XjpTUcYf6pKTLMhw==
  dependencies:
    arrify "^1.0.0"
    buffer-from "^1.1.0"
    diff "^3.1.0"
    make-error "^1.1.1"
    minimist "^1.2.0"
    mkdirp "^0.5.1"
    source-map-support "^0.5.6"
    yn "^2.0.0"

typescript@^3.1.3, typescript@^3.1.6:
  version "3.1.6"
  resolved "https://registry.yarnpkg.com/typescript/-/typescript-3.1.6.tgz#b6543a83cfc8c2befb3f4c8fba6896f5b0c9be68"
  integrity sha512-tDMYfVtvpb96msS1lDX9MEdHrW4yOuZ4Kdc4Him9oU796XldPYF/t2+uKoX0BBa0hXXwDlqYQbXY5Rzjzc5hBA==

ua-parser-js@^0.7.18:
  version "0.7.19"
  resolved "https://registry.yarnpkg.com/ua-parser-js/-/ua-parser-js-0.7.19.tgz#94151be4c0a7fb1d001af7022fdaca4642659e4b"
  integrity sha512-T3PVJ6uz8i0HzPxOF9SWzWAlfN/DavlpQqepn22xgve/5QecC+XMCAtmUNnY7C9StehaV6exjUCI801lOI7QlQ==

whatwg-fetch@>=0.10.0:
  version "3.0.0"
  resolved "https://registry.yarnpkg.com/whatwg-fetch/-/whatwg-fetch-3.0.0.tgz#fc804e458cc460009b1a2b966bc8817d2578aefb"
  integrity sha512-9GSJUgz1D4MfyKU7KRqwOjXCXTqWdFNvEr7eUBYchQiVc744mqK/MzXPNR2WsPkmkOa4ywfg8C2n8h+13Bey1Q==

yn@^2.0.0:
  version "2.0.0"
  resolved "https://registry.yarnpkg.com/yn/-/yn-2.0.0.tgz#e5adabc8acf408f6385fc76495684c88e6af689a"
  integrity sha1-5a2ryKz0CPY4X8dklWhMiOavaJo=
